// !$*UTF8*$!
{
	archiveVersion = 1;
	classes = {
	};
	objectVersion = 50;
	objects = {

/* Begin PBXBuildFile section */
		091DC75923D5555900717833 /* WindowOutliningController.m in Sources */ = {isa = PBXBuildFile; fileRef = 091DC75823D5555900717833 /* WindowOutliningController.m */; };
		09613B03239E014100E8C657 /* Icon.icns in Resources */ = {isa = PBXBuildFile; fileRef = 09613B02239E014100E8C657 /* Icon.icns */; };
		09A55408239AE583006CB957 /* WindowTransparencyController.m in Sources */ = {isa = PBXBuildFile; fileRef = 09A55407239AE583006CB957 /* WindowTransparencyController.m */; };
		09A77E8B2543747B00A5A789 /* NSWindow+AfloatX.m in Sources */ = {isa = PBXBuildFile; fileRef = 09A77E8A2543747B00A5A789 /* NSWindow+AfloatX.m */; };
		09AA55FC2350FFBE00356916 /* AfloatX.m in Sources */ = {isa = PBXBuildFile; fileRef = 09AA55FB2350FFBE00356916 /* AfloatX.m */; };
		09AA56002350FFBE00356916 /* ZKSwizzle.m in Sources */ = {isa = PBXBuildFile; fileRef = 09AA55FF2350FFBE00356916 /* ZKSwizzle.m */; };
/* End PBXBuildFile section */

/* Begin PBXFileReference section */
		091DC75723D5555900717833 /* WindowOutliningController.h */ = {isa = PBXFileReference; lastKnownFileType = sourcecode.c.h; path = WindowOutliningController.h; sourceTree = "<group>"; };
		091DC75823D5555900717833 /* WindowOutliningController.m */ = {isa = PBXFileReference; lastKnownFileType = sourcecode.c.objc; path = WindowOutliningController.m; sourceTree = "<group>"; };
		09613B02239E014100E8C657 /* Icon.icns */ = {isa = PBXFileReference; lastKnownFileType = image.icns; name = Icon.icns; path = AfloatX/Resources/Icon.icns; sourceTree = SOURCE_ROOT; };
		09613B04239E017900E8C657 /* Info.plist */ = {isa = PBXFileReference; lastKnownFileType = text.plist; name = Info.plist; path = AfloatX/Info.plist; sourceTree = SOURCE_ROOT; };
		09A55406239AE583006CB957 /* WindowTransparencyController.h */ = {isa = PBXFileReference; lastKnownFileType = sourcecode.c.h; path = WindowTransparencyController.h; sourceTree = "<group>"; };
		09A55407239AE583006CB957 /* WindowTransparencyController.m */ = {isa = PBXFileReference; lastKnownFileType = sourcecode.c.objc; path = WindowTransparencyController.m; sourceTree = "<group>"; };
		09A77E892543747B00A5A789 /* NSWindow+AfloatX.h */ = {isa = PBXFileReference; lastKnownFileType = sourcecode.c.h; path = "NSWindow+AfloatX.h"; sourceTree = "<group>"; };
		09A77E8A2543747B00A5A789 /* NSWindow+AfloatX.m */ = {isa = PBXFileReference; lastKnownFileType = sourcecode.c.objc; path = "NSWindow+AfloatX.m"; sourceTree = "<group>"; };
		09AA55EF2350FFBE00356916 /* AfloatX.bundle */ = {isa = PBXFileReference; explicitFileType = wrapper.cfbundle; includeInIndex = 0; path = AfloatX.bundle; sourceTree = BUILT_PRODUCTS_DIR; };
		09AA55F22350FFBE00356916 /* AppKit.framework */ = {isa = PBXFileReference; lastKnownFileType = wrapper.framework; name = AppKit.framework; path = /System/Library/Frameworks/AppKit.framework; sourceTree = "<absolute>"; };
		09AA55F42350FFBE00356916 /* Foundation.framework */ = {isa = PBXFileReference; lastKnownFileType = wrapper.framework; name = Foundation.framework; path = /System/Library/Frameworks/Foundation.framework; sourceTree = "<absolute>"; };
		09AA55FA2350FFBE00356916 /* AfloatX.h */ = {isa = PBXFileReference; lastKnownFileType = sourcecode.c.h; path = AfloatX.h; sourceTree = "<group>"; };
		09AA55FB2350FFBE00356916 /* AfloatX.m */ = {isa = PBXFileReference; lastKnownFileType = sourcecode.c.objc; path = AfloatX.m; sourceTree = "<group>"; };
		09AA55FE2350FFBE00356916 /* ZKSwizzle.h */ = {isa = PBXFileReference; lastKnownFileType = sourcecode.c.h; path = ZKSwizzle.h; sourceTree = "<group>"; };
		09AA55FF2350FFBE00356916 /* ZKSwizzle.m */ = {isa = PBXFileReference; lastKnownFileType = sourcecode.c.objc; path = ZKSwizzle.m; sourceTree = "<group>"; };
		09DC65742738A2F200A5216A /* NSApplication+Private.h */ = {isa = PBXFileReference; lastKnownFileType = sourcecode.c.h; path = "NSApplication+Private.h"; sourceTree = "<group>"; };
/* End PBXFileReference section */

/* Begin PBXFrameworksBuildPhase section */
		09AA55EC2350FFBE00356916 /* Frameworks */ = {
			isa = PBXFrameworksBuildPhase;
			buildActionMask = 2147483647;
			files = (
			);
			runOnlyForDeploymentPostprocessing = 0;
		};
/* End PBXFrameworksBuildPhase section */

/* Begin PBXGroup section */
		09613AFF239DFC6400E8C657 /* Resources */ = {
			isa = PBXGroup;
			children = (
				09613B02239E014100E8C657 /* Icon.icns */,
			);
			path = Resources;
			sourceTree = "<group>";
		};
		09AA55E62350FFBE00356916 = {
			isa = PBXGroup;
			children = (
				09AA55F62350FFBE00356916 /* AfloatX */,
				09613AFF239DFC6400E8C657 /* Resources */,
				09AA55F12350FFBE00356916 /* Frameworks */,
				09AA55F02350FFBE00356916 /* Products */,
			);
			sourceTree = "<group>";
		};
		09AA55F02350FFBE00356916 /* Products */ = {
			isa = PBXGroup;
			children = (
				09AA55EF2350FFBE00356916 /* AfloatX.bundle */,
			);
			name = Products;
			sourceTree = "<group>";
		};
		09AA55F12350FFBE00356916 /* Frameworks */ = {
			isa = PBXGroup;
			children = (
				09AA55F22350FFBE00356916 /* AppKit.framework */,
				09AA55F42350FFBE00356916 /* Foundation.framework */,
			);
			name = Frameworks;
			sourceTree = "<group>";
		};
		09AA55F62350FFBE00356916 /* AfloatX */ = {
			isa = PBXGroup;
			children = (
				09AA55FA2350FFBE00356916 /* AfloatX.h */,
				09AA55FB2350FFBE00356916 /* AfloatX.m */,
				09DC65742738A2F200A5216A /* NSApplication+Private.h */,
				09A77E892543747B00A5A789 /* NSWindow+AfloatX.h */,
				09A77E8A2543747B00A5A789 /* NSWindow+AfloatX.m */,
				09A55406239AE583006CB957 /* WindowTransparencyController.h */,
				09A55407239AE583006CB957 /* WindowTransparencyController.m */,
				091DC75723D5555900717833 /* WindowOutliningController.h */,
				091DC75823D5555900717833 /* WindowOutliningController.m */,
				09AA55FD2350FFBE00356916 /* ZKSwizzle */,
				09AA55F72350FFBE00356916 /* Supporting Files */,
			);
			path = AfloatX;
			sourceTree = "<group>";
		};
		09AA55F72350FFBE00356916 /* Supporting Files */ = {
			isa = PBXGroup;
			children = (
				09613B04239E017900E8C657 /* Info.plist */,
			);
			path = "Supporting Files";
			sourceTree = "<group>";
		};
		09AA55FD2350FFBE00356916 /* ZKSwizzle */ = {
			isa = PBXGroup;
			children = (
				09AA55FE2350FFBE00356916 /* ZKSwizzle.h */,
				09AA55FF2350FFBE00356916 /* ZKSwizzle.m */,
			);
			path = ZKSwizzle;
			sourceTree = "<group>";
		};
/* End PBXGroup section */

/* Begin PBXNativeTarget section */
		09AA55EE2350FFBE00356916 /* AfloatX */ = {
			isa = PBXNativeTarget;
			buildConfigurationList = 09AA56052350FFBE00356916 /* Build configuration list for PBXNativeTarget "AfloatX" */;
			buildPhases = (
				09AA55EB2350FFBE00356916 /* Sources */,
				09AA55EC2350FFBE00356916 /* Frameworks */,
				09AA55ED2350FFBE00356916 /* Resources */,
			);
			buildRules = (
			);
			dependencies = (
			);
			name = AfloatX;
			productName = AfloatX;
			productReference = 09AA55EF2350FFBE00356916 /* AfloatX.bundle */;
			productType = "com.apple.product-type.bundle";
		};
/* End PBXNativeTarget section */

/* Begin PBXProject section */
		09AA55E72350FFBE00356916 /* Project object */ = {
			isa = PBXProject;
			attributes = {
				LastUpgradeCheck = 1130;
				ORGANIZATIONNAME = j;
				TargetAttributes = {
					09AA55EE2350FFBE00356916 = {
						CreatedOnToolsVersion = 11.1;
					};
				};
			};
			buildConfigurationList = 09AA55EA2350FFBE00356916 /* Build configuration list for PBXProject "AfloatX" */;
			compatibilityVersion = "Xcode 9.3";
			developmentRegion = en;
			hasScannedForEncodings = 0;
			knownRegions = (
				en,
				Base,
			);
			mainGroup = 09AA55E62350FFBE00356916;
			productRefGroup = 09AA55F02350FFBE00356916 /* Products */;
			projectDirPath = "";
			projectRoot = "";
			targets = (
				09AA55EE2350FFBE00356916 /* AfloatX */,
			);
		};
/* End PBXProject section */

/* Begin PBXResourcesBuildPhase section */
		09AA55ED2350FFBE00356916 /* Resources */ = {
			isa = PBXResourcesBuildPhase;
			buildActionMask = 2147483647;
			files = (
				09613B03239E014100E8C657 /* Icon.icns in Resources */,
			);
			runOnlyForDeploymentPostprocessing = 0;
		};
/* End PBXResourcesBuildPhase section */

/* Begin PBXSourcesBuildPhase section */
		09AA55EB2350FFBE00356916 /* Sources */ = {
			isa = PBXSourcesBuildPhase;
			buildActionMask = 2147483647;
			files = (
				09A77E8B2543747B00A5A789 /* NSWindow+AfloatX.m in Sources */,
				09A55408239AE583006CB957 /* WindowTransparencyController.m in Sources */,
				09AA55FC2350FFBE00356916 /* AfloatX.m in Sources */,
				09AA56002350FFBE00356916 /* ZKSwizzle.m in Sources */,
				091DC75923D5555900717833 /* WindowOutliningController.m in Sources */,
			);
			runOnlyForDeploymentPostprocessing = 0;
		};
/* End PBXSourcesBuildPhase section */

/* Begin XCBuildConfiguration section */
		09AA56032350FFBE00356916 /* Debug */ = {
			isa = XCBuildConfiguration;
			buildSettings = {
				ALWAYS_SEARCH_USER_PATHS = NO;
				CLANG_ANALYZER_NONNULL = YES;
				CLANG_ANALYZER_NUMBER_OBJECT_CONVERSION = YES_AGGRESSIVE;
				CLANG_CXX_LANGUAGE_STANDARD = "gnu++14";
				CLANG_CXX_LIBRARY = "libc++";
				CLANG_ENABLE_MODULES = YES;
				CLANG_ENABLE_OBJC_ARC = YES;
				CLANG_ENABLE_OBJC_WEAK = YES;
				CLANG_WARN_BLOCK_CAPTURE_AUTORELEASING = YES;
				CLANG_WARN_BOOL_CONVERSION = YES;
				CLANG_WARN_COMMA = YES;
				CLANG_WARN_CONSTANT_CONVERSION = YES;
				CLANG_WARN_DEPRECATED_OBJC_IMPLEMENTATIONS = YES;
				CLANG_WARN_DIRECT_OBJC_ISA_USAGE = YES_ERROR;
				CLANG_WARN_DOCUMENTATION_COMMENTS = YES;
				CLANG_WARN_EMPTY_BODY = YES;
				CLANG_WARN_ENUM_CONVERSION = YES;
				CLANG_WARN_INFINITE_RECURSION = YES;
				CLANG_WARN_INT_CONVERSION = YES;
				CLANG_WARN_NON_LITERAL_NULL_CONVERSION = YES;
				CLANG_WARN_OBJC_IMPLICIT_RETAIN_SELF = YES;
				CLANG_WARN_OBJC_LITERAL_CONVERSION = YES;
				CLANG_WARN_OBJC_ROOT_CLASS = YES_ERROR;
				CLANG_WARN_RANGE_LOOP_ANALYSIS = YES;
				CLANG_WARN_STRICT_PROTOTYPES = YES;
				CLANG_WARN_SUSPICIOUS_MOVE = YES;
				CLANG_WARN_UNGUARDED_AVAILABILITY = YES_AGGRESSIVE;
				CLANG_WARN_UNREACHABLE_CODE = YES;
				CLANG_WARN__DUPLICATE_METHOD_MATCH = YES;
				COPY_PHASE_STRIP = NO;
				DEBUG_INFORMATION_FORMAT = dwarf;
				ENABLE_STRICT_OBJC_MSGSEND = YES;
				ENABLE_TESTABILITY = YES;
				GCC_C_LANGUAGE_STANDARD = gnu11;
				GCC_DYNAMIC_NO_PIC = NO;
				GCC_NO_COMMON_BLOCKS = YES;
				GCC_OPTIMIZATION_LEVEL = 0;
				GCC_PREPROCESSOR_DEFINITIONS = (
					"DEBUG=1",
					"$(inherited)",
				);
				GCC_WARN_64_TO_32_BIT_CONVERSION = YES;
				GCC_WARN_ABOUT_RETURN_TYPE = YES_ERROR;
				GCC_WARN_UNDECLARED_SELECTOR = YES;
				GCC_WARN_UNINITIALIZED_AUTOS = YES_AGGRESSIVE;
				GCC_WARN_UNUSED_FUNCTION = YES;
				GCC_WARN_UNUSED_VARIABLE = YES;
				MTL_ENABLE_DEBUG_INFO = INCLUDE_SOURCE;
				MTL_FAST_MATH = YES;
				ONLY_ACTIVE_ARCH = YES;
			};
			name = Debug;
		};
		09AA56042350FFBE00356916 /* Release */ = {
			isa = XCBuildConfiguration;
			buildSettings = {
				ALWAYS_SEARCH_USER_PATHS = NO;
				CLANG_ANALYZER_NONNULL = YES;
				CLANG_ANALYZER_NUMBER_OBJECT_CONVERSION = YES_AGGRESSIVE;
				CLANG_CXX_LANGUAGE_STANDARD = "gnu++14";
				CLANG_CXX_LIBRARY = "libc++";
				CLANG_ENABLE_MODULES = YES;
				CLANG_ENABLE_OBJC_ARC = YES;
				CLANG_ENABLE_OBJC_WEAK = YES;
				CLANG_WARN_BLOCK_CAPTURE_AUTORELEASING = YES;
				CLANG_WARN_BOOL_CONVERSION = YES;
				CLANG_WARN_COMMA = YES;
				CLANG_WARN_CONSTANT_CONVERSION = YES;
				CLANG_WARN_DEPRECATED_OBJC_IMPLEMENTATIONS = YES;
				CLANG_WARN_DIRECT_OBJC_ISA_USAGE = YES_ERROR;
				CLANG_WARN_DOCUMENTATION_COMMENTS = YES;
				CLANG_WARN_EMPTY_BODY = YES;
				CLANG_WARN_ENUM_CONVERSION = YES;
				CLANG_WARN_INFINITE_RECURSION = YES;
				CLANG_WARN_INT_CONVERSION = YES;
				CLANG_WARN_NON_LITERAL_NULL_CONVERSION = YES;
				CLANG_WARN_OBJC_IMPLICIT_RETAIN_SELF = YES;
				CLANG_WARN_OBJC_LITERAL_CONVERSION = YES;
				CLANG_WARN_OBJC_ROOT_CLASS = YES_ERROR;
				CLANG_WARN_RANGE_LOOP_ANALYSIS = YES;
				CLANG_WARN_STRICT_PROTOTYPES = YES;
				CLANG_WARN_SUSPICIOUS_MOVE = YES;
				CLANG_WARN_UNGUARDED_AVAILABILITY = YES_AGGRESSIVE;
				CLANG_WARN_UNREACHABLE_CODE = YES;
				CLANG_WARN__DUPLICATE_METHOD_MATCH = YES;
				COPY_PHASE_STRIP = NO;
				DEBUG_INFORMATION_FORMAT = "dwarf-with-dsym";
				ENABLE_NS_ASSERTIONS = NO;
				ENABLE_STRICT_OBJC_MSGSEND = YES;
				GCC_C_LANGUAGE_STANDARD = gnu11;
				GCC_DYNAMIC_NO_PIC = NO;
				GCC_NO_COMMON_BLOCKS = YES;
				GCC_WARN_64_TO_32_BIT_CONVERSION = YES;
				GCC_WARN_ABOUT_RETURN_TYPE = YES_ERROR;
				GCC_WARN_UNDECLARED_SELECTOR = YES;
				GCC_WARN_UNINITIALIZED_AUTOS = YES_AGGRESSIVE;
				GCC_WARN_UNUSED_FUNCTION = YES;
				GCC_WARN_UNUSED_VARIABLE = YES;
				MTL_ENABLE_DEBUG_INFO = NO;
				MTL_FAST_MATH = YES;
			};
			name = Release;
		};
		09AA56062350FFBE00356916 /* Debug */ = {
			isa = XCBuildConfiguration;
			buildSettings = {
				ARCHS = (
					x86_64,
					arm64e,
				);
				CLANG_ENABLE_OBJC_ARC = YES;
				CODE_SIGN_IDENTITY = "";
				CODE_SIGN_INJECT_BASE_ENTITLEMENTS = NO;
				CODE_SIGN_STYLE = Manual;
				COMBINE_HIDPI_IMAGES = YES;
				CURRENT_PROJECT_VERSION = 1.5;
				DEPLOYMENT_LOCATION = YES;
				DEVELOPMENT_TEAM = "";
				DSTROOT = /;
				ENABLE_STRICT_OBJC_MSGSEND = NO;
				GCC_DYNAMIC_NO_PIC = NO;
				GCC_PRECOMPILE_PREFIX_HEADER = YES;
				GCC_PREFIX_HEADER = AfloatX/PrefixHeader.pch;
				INFOPLIST_FILE = AfloatX/Info.plist;
				INSTALL_PATH = "/Library/Application Support/MacEnhance/Plugins";
				LLVM_LTO = YES;
				MACH_O_TYPE = mh_dylib;
				MACOSX_DEPLOYMENT_TARGET = 10.14;
				MARKETING_VERSION = 1.5;
				OTHER_LDFLAGS = "";
				PRODUCT_BUNDLE_IDENTIFIER = com.github.jslegendre.AfloatX;
				PRODUCT_NAME = "$(TARGET_NAME)";
				PROVISIONING_PROFILE_SPECIFIER = "";
				SDKROOT = macosx;
				WRAPPER_EXTENSION = bundle;
			};
			name = Debug;
		};
		09AA56072350FFBE00356916 /* Release */ = {
			isa = XCBuildConfiguration;
			buildSettings = {
				ARCHS = (
					x86_64,
					arm64e,
				);
				CLANG_ENABLE_OBJC_ARC = YES;
				CODE_SIGN_IDENTITY = "";
				CODE_SIGN_INJECT_BASE_ENTITLEMENTS = NO;
				CODE_SIGN_STYLE = Manual;
				COMBINE_HIDPI_IMAGES = YES;
				CURRENT_PROJECT_VERSION = 1.5;
				DEPLOYMENT_LOCATION = YES;
				DEVELOPMENT_TEAM = "";
				DSTROOT = /;
				ENABLE_STRICT_OBJC_MSGSEND = NO;
				GCC_DYNAMIC_NO_PIC = NO;
				GCC_OPTIMIZATION_LEVEL = fast;
				GCC_PRECOMPILE_PREFIX_HEADER = YES;
				GCC_PREFIX_HEADER = AfloatX/PrefixHeader.pch;
				INFOPLIST_FILE = AfloatX/Info.plist;
				INSTALL_PATH = "/Library/Application Support/MacEnhance/Plugins";
				LLVM_LTO = YES;
				MACH_O_TYPE = mh_dylib;
				MACOSX_DEPLOYMENT_TARGET = 10.14;
				MARKETING_VERSION = 1.5;
				OTHER_LDFLAGS = "";
				PRODUCT_BUNDLE_IDENTIFIER = com.github.jslegendre.AfloatX;
				PRODUCT_NAME = "$(TARGET_NAME)";
				PROVISIONING_PROFILE_SPECIFIER = "";
				SDKROOT = macosx;
				WRAPPER_EXTENSION = bundle;
			};
			name = Release;
		};
/* End XCBuildConfiguration section */

/* Begin XCConfigurationList section */
		09AA55EA2350FFBE00356916 /* Build configuration list for PBXProject "AfloatX" */ = {
			isa = XCConfigurationList;
			buildConfigurations = (
				09AA56032350FFBE00356916 /* Debug */,
				09AA56042350FFBE00356916 /* Release */,
			);
			defaultConfigurationIsVisible = 0;
			defaultConfigurationName = Release;
		};
		09AA56052350FFBE00356916 /* Build configuration list for PBXNativeTarget "AfloatX" */ = {
			isa = XCConfigurationList;
			buildConfigurations = (
				09AA56062350FFBE00356916 /* Debug */,
				09AA56072350FFBE00356916 /* Release */,
			);
			defaultConfigurationIsVisible = 0;
			defaultConfigurationName = Release;
		};
/* End XCConfigurationList section */
	};
	rootObject = 09AA55E72350FFBE00356916 /* Project object */;
}
